
Microsoft Visual Studio Solution File, Format Version 12.00
# Visual Studio Version 17
VisualStudioVersion = 17.4.32912.340
MinimumVisualStudioVersion = 10.0.40219.1
Project("{FAE04EC0-301F-11D3-BF4B-00C04F79EFBC}") = "OOP-Concept", "OOP-Concept.csproj", "{72F43DD1-70C2-4F57-9EA8-50ACB68E3119}"
EndProject
Project("{FAE04EC0-301F-11D3-BF4B-00C04F79EFBC}") = "DataStructures", "..\DataStructures\DataStructures.csproj", "{1481DB83-22B9-4DDF-BAC5-3F0BB88806D4}"
EndProject
Global
	GlobalSection(SolutionConfigurationPlatforms) = preSolution
		Debug|Any CPU = Debug|Any CPU
		Release|Any CPU = Release|Any CPU
	EndGlobalSection
	GlobalSection(ProjectConfigurationPlatforms) = postSolution
		{72F43DD1-70C2-4F57-9EA8-50ACB68E3119}.Debug|Any CPU.ActiveCfg = Debug|Any CPU
		{72F43DD1-70C2-4F57-9EA8-50ACB68E3119}.Debug|Any CPU.Build.0 = Debug|Any CPU
		{72F43DD1-70C2-4F57-9EA8-50ACB68E3119}.Release|Any CPU.ActiveCfg = Release|Any CPU
		{72F43DD1-70C2-4F57-9EA8-50ACB68E3119}.Release|Any CPU.Build.0 = Release|Any CPU
		{1481DB83-22B9-4DDF-BAC5-3F0BB88806D4}.Debug|Any CPU.ActiveCfg = Debug|Any CPU
		{1481DB83-22B9-4DDF-BAC5-3F0BB88806D4}.Debug|Any CPU.Build.0 = Debug|Any CPU
		{1481DB83-22B9-4DDF-BAC5-3F0BB88806D4}.Release|Any CPU.ActiveCfg = Release|Any CPU
		{1481DB83-22B9-4DDF-BAC5-3F0BB88806D4}.Release|Any CPU.Build.0 = Release|Any CPU
	EndGlobalSection
	GlobalSection(SolutionProperties) = preSolution
		HideSolutionNode = FALSE
	EndGlobalSection
	GlobalSection(ExtensibilityGlobals) = postSolution
		SolutionGuid = {66274291-BBAE-446C-9316-3FB7A4864B6A}
	EndGlobalSection
EndGlobal
